
Microsoft Visual Studio Solution File, Format Version 12.00
# Visual Studio Version 17
VisualStudioVersion = 17.9.34728.123
MinimumVisualStudioVersion = 10.0.40219.1
Project("{FAE04EC0-301F-11D3-BF4B-00C04F79EFBC}") = "ApiTemplate", "ApiTemplate\ApiTemplate.csproj", "{3F5A1659-3CA8-4DFD-8CDA-545879D70D74}"
EndProject
Global
	GlobalSection(SolutionConfigurationPlatforms) = preSolution
		Debug|Any CPU = Debug|Any CPU
		Release|Any CPU = Release|Any CPU
	EndGlobalSection
	GlobalSection(ProjectConfigurationPlatforms) = postSolution
		{3F5A1659-3CA8-4DFD-8CDA-545879D70D74}.Debug|Any CPU.ActiveCfg = Debug|Any CPU
		{3F5A1659-3CA8-4DFD-8CDA-545879D70D74}.Debug|Any CPU.Build.0 = Debug|Any CPU
		{3F5A1659-3CA8-4DFD-8CDA-545879D70D74}.Release|Any CPU.ActiveCfg = Release|Any CPU
		{3F5A1659-3CA8-4DFD-8CDA-545879D70D74}.Release|Any CPU.Build.0 = Release|Any CPU
	EndGlobalSection
	GlobalSection(SolutionProperties) = preSolution
		HideSolutionNode = FALSE
	EndGlobalSection
	GlobalSection(ExtensibilityGlobals) = postSolution
		SolutionGuid = {F52C38D9-4268-4979-B250-BB35656303D8}
	EndGlobalSection
EndGlobal
